// !$*UTF8*$!
{
	archiveVersion = 1;
	classes = {
	};
	objectVersion = 50;
	objects = {

/* Begin PBXBuildFile section */
		55CD7C232216ACEA00660D9F /* AppDelegate.m in Sources */ = {isa = PBXBuildFile; fileRef = 55CD7C222216ACEA00660D9F /* AppDelegate.m */; };
		55CD7C2B2216ACEC00660D9F /* Assets.xcassets in Resources */ = {isa = PBXBuildFile; fileRef = 55CD7C2A2216ACEC00660D9F /* Assets.xcassets */; };
		55CD7C312216ACEC00660D9F /* main.m in Sources */ = {isa = PBXBuildFile; fileRef = 55CD7C302216ACEC00660D9F /* main.m */; };
		55CD7C3D2216AF9600660D9F /* RootNavigationController.m in Sources */ = {isa = PBXBuildFile; fileRef = 55CD7C382216AF9600660D9F /* RootNavigationController.m */; };
		55CD7C3E2216AF9600660D9F /* RootViewController.m in Sources */ = {isa = PBXBuildFile; fileRef = 55CD7C3A2216AF9600660D9F /* RootViewController.m */; };
		55CD7C3F2216AF9600660D9F /* SiteInfo.m in Sources */ = {isa = PBXBuildFile; fileRef = 55CD7C3B2216AF9600660D9F /* SiteInfo.m */; };
		55CD7C442216B2C000660D9F /* WebKit.framework in Frameworks */ = {isa = PBXBuildFile; fileRef = 55CD7C432216B2BF00660D9F /* WebKit.framework */; };
		55CD7C462216B36500660D9F /* libc++.tbd in Frameworks */ = {isa = PBXBuildFile; fileRef = 55CD7C452216B36500660D9F /* libc++.tbd */; };
		55F9C541221D4827003ACE2F /* TBSPlus.framework in Frameworks */ = {isa = PBXBuildFile; fileRef = 55CD7C412216B12100660D9F /* TBSPlus.framework */; };
		55F9C543221D4855003ACE2F /* TBSPlus.bundle in CopyFiles */ = {isa = PBXBuildFile; fileRef = 55F9C542221D4855003ACE2F /* TBSPlus.bundle */; settings = {ATTRIBUTES = (CodeSignOnCopy, RemoveHeadersOnCopy, ); }; };
		55F9C549222E1ED1003ACE2F /* libsqlite3.0.tbd in Frameworks */ = {isa = PBXBuildFile; fileRef = 55F9C548222E1ED1003ACE2F /* libsqlite3.0.tbd */; };
/* End PBXBuildFile section */

/* Begin PBXCopyFilesBuildPhase section */
		55F9C530221D402E003ACE2F /* CopyFiles */ = {
			isa = PBXCopyFilesBuildPhase;
			buildActionMask = 2147483647;
			dstPath = "";
			dstSubfolderSpec = 7;
			files = (
				55F9C543221D4855003ACE2F /* TBSPlus.bundle in CopyFiles */,
			);
			runOnlyForDeploymentPostprocessing = 0;
		};
/* End PBXCopyFilesBuildPhase section */

/* Begin PBXFileReference section */
		55CD7C1E2216ACEA00660D9F /* TBSPlusDemo-Release.app */ = {isa = PBXFileReference; explicitFileType = wrapper.application; includeInIndex = 0; path = "TBSPlusDemo-Release.app"; sourceTree = BUILT_PRODUCTS_DIR; };
		55CD7C212216ACEA00660D9F /* AppDelegate.h */ = {isa = PBXFileReference; lastKnownFileType = sourcecode.c.h; path = AppDelegate.h; sourceTree = "<group>"; };
		55CD7C222216ACEA00660D9F /* AppDelegate.m */ = {isa = PBXFileReference; lastKnownFileType = sourcecode.c.objc; path = AppDelegate.m; sourceTree = "<group>"; };
		55CD7C2A2216ACEC00660D9F /* Assets.xcassets */ = {isa = PBXFileReference; lastKnownFileType = folder.assetcatalog; path = Assets.xcassets; sourceTree = "<group>"; };
		55CD7C2F2216ACEC00660D9F /* Info.plist */ = {isa = PBXFileReference; lastKnownFileType = text.plist.xml; path = Info.plist; sourceTree = "<group>"; };
		55CD7C302216ACEC00660D9F /* main.m */ = {isa = PBXFileReference; lastKnownFileType = sourcecode.c.objc; path = main.m; sourceTree = "<group>"; };
		55CD7C372216AF9600660D9F /* RootNavigationController.h */ = {isa = PBXFileReference; fileEncoding = 4; lastKnownFileType = sourcecode.c.h; path = RootNavigationController.h; sourceTree = "<group>"; };
		55CD7C382216AF9600660D9F /* RootNavigationController.m */ = {isa = PBXFileReference; fileEncoding = 4; lastKnownFileType = sourcecode.c.objc; path = RootNavigationController.m; sourceTree = "<group>"; };
		55CD7C392216AF9600660D9F /* SiteInfo.h */ = {isa = PBXFileReference; fileEncoding = 4; lastKnownFileType = sourcecode.c.h; path = SiteInfo.h; sourceTree = "<group>"; };
		55CD7C3A2216AF9600660D9F /* RootViewController.m */ = {isa = PBXFileReference; fileEncoding = 4; lastKnownFileType = sourcecode.c.objc; path = RootViewController.m; sourceTree = "<group>"; };
		55CD7C3B2216AF9600660D9F /* SiteInfo.m */ = {isa = PBXFileReference; fileEncoding = 4; lastKnownFileType = sourcecode.c.objc; path = SiteInfo.m; sourceTree = "<group>"; };
		55CD7C3C2216AF9600660D9F /* RootViewController.h */ = {isa = PBXFileReference; fileEncoding = 4; lastKnownFileType = sourcecode.c.h; path = RootViewController.h; sourceTree = "<group>"; };
		55CD7C412216B12100660D9F /* TBSPlus.framework */ = {isa = PBXFileReference; lastKnownFileType = wrapper.framework; name = TBSPlus.framework; path = Libraries/TBSPlus.framework; sourceTree = "<group>"; };
		55CD7C432216B2BF00660D9F /* WebKit.framework */ = {isa = PBXFileReference; lastKnownFileType = wrapper.framework; name = WebKit.framework; path = System/Library/Frameworks/WebKit.framework; sourceTree = SDKROOT; };
		55CD7C452216B36500660D9F /* libc++.tbd */ = {isa = PBXFileReference; lastKnownFileType = "sourcecode.text-based-dylib-definition"; name = "libc++.tbd"; path = "usr/lib/libc++.tbd"; sourceTree = SDKROOT; };
		55F9C542221D4855003ACE2F /* TBSPlus.bundle */ = {isa = PBXFileReference; lastKnownFileType = "wrapper.plug-in"; name = TBSPlus.bundle; path = Libraries/TBSPlus.bundle; sourceTree = "<group>"; };
		55F9C548222E1ED1003ACE2F /* libsqlite3.0.tbd */ = {isa = PBXFileReference; lastKnownFileType = "sourcecode.text-based-dylib-definition"; name = libsqlite3.0.tbd; path = usr/lib/libsqlite3.0.tbd; sourceTree = SDKROOT; };
/* End PBXFileReference section */

/* Begin PBXFrameworksBuildPhase section */
		55CD7C1B2216ACEA00660D9F /* Frameworks */ = {
			isa = PBXFrameworksBuildPhase;
			buildActionMask = 2147483647;
			files = (
				55F9C549222E1ED1003ACE2F /* libsqlite3.0.tbd in Frameworks */,
				55F9C541221D4827003ACE2F /* TBSPlus.framework in Frameworks */,
				55CD7C462216B36500660D9F /* libc++.tbd in Frameworks */,
				55CD7C442216B2C000660D9F /* WebKit.framework in Frameworks */,
			);
			runOnlyForDeploymentPostprocessing = 0;
		};
/* End PBXFrameworksBuildPhase section */

/* Begin PBXGroup section */
		55CD7C152216ACEA00660D9F = {
			isa = PBXGroup;
			children = (
				55F9C542221D4855003ACE2F /* TBSPlus.bundle */,
				55CD7C202216ACEA00660D9F /* TBSPlusDemo-Release */,
				55CD7C1F2216ACEA00660D9F /* Products */,
				55CD7C402216B12100660D9F /* Frameworks */,
			);
			sourceTree = "<group>";
		};
		55CD7C1F2216ACEA00660D9F /* Products */ = {
			isa = PBXGroup;
			children = (
				55CD7C1E2216ACEA00660D9F /* TBSPlusDemo-Release.app */,
			);
			name = Products;
			sourceTree = "<group>";
		};
		55CD7C202216ACEA00660D9F /* TBSPlusDemo-Release */ = {
			isa = PBXGroup;
			children = (
				55CD7C372216AF9600660D9F /* RootNavigationController.h */,
				55CD7C382216AF9600660D9F /* RootNavigationController.m */,
				55CD7C3C2216AF9600660D9F /* RootViewController.h */,
				55CD7C3A2216AF9600660D9F /* RootViewController.m */,
				55CD7C392216AF9600660D9F /* SiteInfo.h */,
				55CD7C3B2216AF9600660D9F /* SiteInfo.m */,
				55CD7C212216ACEA00660D9F /* AppDelegate.h */,
				55CD7C222216ACEA00660D9F /* AppDelegate.m */,
				55CD7C2A2216ACEC00660D9F /* Assets.xcassets */,
				55CD7C2F2216ACEC00660D9F /* Info.plist */,
				55CD7C302216ACEC00660D9F /* main.m */,
			);
			path = "TBSPlusDemo-Release";
			sourceTree = "<group>";
		};
		55CD7C402216B12100660D9F /* Frameworks */ = {
			isa = PBXGroup;
			children = (
				55F9C548222E1ED1003ACE2F /* libsqlite3.0.tbd */,
				55CD7C452216B36500660D9F /* libc++.tbd */,
				55CD7C432216B2BF00660D9F /* WebKit.framework */,
				55CD7C412216B12100660D9F /* TBSPlus.framework */,
			);
			name = Frameworks;
			sourceTree = "<group>";
		};
/* End PBXGroup section */

/* Begin PBXNativeTarget section */
		55CD7C1D2216ACEA00660D9F /* TBSPlusDemo-Release */ = {
			isa = PBXNativeTarget;
			buildConfigurationList = 55CD7C342216ACEC00660D9F /* Build configuration list for PBXNativeTarget "TBSPlusDemo-Release" */;
			buildPhases = (
				55CD7C1A2216ACEA00660D9F /* Sources */,
				55CD7C1B2216ACEA00660D9F /* Frameworks */,
				55CD7C1C2216ACEA00660D9F /* Resources */,
				55F9C530221D402E003ACE2F /* CopyFiles */,
			);
			buildRules = (
			);
			dependencies = (
			);
			name = "TBSPlusDemo-Release";
			productName = "TBSPlusDemo-Release";
			productReference = 55CD7C1E2216ACEA00660D9F /* TBSPlusDemo-Release.app */;
			productType = "com.apple.product-type.application";
		};
/* End PBXNativeTarget section */

/* Begin PBXProject section */
		55CD7C162216ACEA00660D9F /* Project object */ = {
			isa = PBXProject;
			attributes = {
				LastUpgradeCheck = 1010;
				ORGANIZATIONNAME = maxli;
				TargetAttributes = {
					55CD7C1D2216ACEA00660D9F = {
						CreatedOnToolsVersion = 10.1;
					};
				};
			};
			buildConfigurationList = 55CD7C192216ACEA00660D9F /* Build configuration list for PBXProject "TBSPlusDemo-Release" */;
			compatibilityVersion = "Xcode 9.3";
			developmentRegion = en;
			hasScannedForEncodings = 0;
			knownRegions = (
				en,
				Base,
			);
			mainGroup = 55CD7C152216ACEA00660D9F;
			productRefGroup = 55CD7C1F2216ACEA00660D9F /* Products */;
			projectDirPath = "";
			projectRoot = "";
			targets = (
				55CD7C1D2216ACEA00660D9F /* TBSPlusDemo-Release */,
			);
		};
/* End PBXProject section */

/* Begin PBXResourcesBuildPhase section */
		55CD7C1C2216ACEA00660D9F /* Resources */ = {
			isa = PBXResourcesBuildPhase;
			buildActionMask = 2147483647;
			files = (
				55CD7C2B2216ACEC00660D9F /* Assets.xcassets in Resources */,
			);
			runOnlyForDeploymentPostprocessing = 0;
		};
/* End PBXResourcesBuildPhase section */

/* Begin PBXSourcesBuildPhase section */
		55CD7C1A2216ACEA00660D9F /* Sources */ = {
			isa = PBXSourcesBuildPhase;
			buildActionMask = 2147483647;
			files = (
				55CD7C312216ACEC00660D9F /* main.m in Sources */,
				55CD7C3F2216AF9600660D9F /* SiteInfo.m in Sources */,
				55CD7C3D2216AF9600660D9F /* RootNavigationController.m in Sources */,
				55CD7C3E2216AF9600660D9F /* RootViewController.m in Sources */,
				55CD7C232216ACEA00660D9F /* AppDelegate.m in Sources */,
			);
			runOnlyForDeploymentPostprocessing = 0;
		};
/* End PBXSourcesBuildPhase section */

/* Begin XCBuildConfiguration section */
		55CD7C322216ACEC00660D9F /* Debug */ = {
			isa = XCBuildConfiguration;
			buildSettings = {
				ALWAYS_SEARCH_USER_PATHS = NO;
				CLANG_ANALYZER_NONNULL = YES;
				CLANG_ANALYZER_NUMBER_OBJECT_CONVERSION = YES_AGGRESSIVE;
				CLANG_CXX_LANGUAGE_STANDARD = "gnu++14";
				CLANG_CXX_LIBRARY = "libc++";
				CLANG_ENABLE_MODULES = YES;
				CLANG_ENABLE_OBJC_ARC = YES;
				CLANG_ENABLE_OBJC_WEAK = YES;
				CLANG_WARN_BLOCK_CAPTURE_AUTORELEASING = YES;
				CLANG_WARN_BOOL_CONVERSION = YES;
				CLANG_WARN_COMMA = YES;
				CLANG_WARN_CONSTANT_CONVERSION = YES;
				CLANG_WARN_DEPRECATED_OBJC_IMPLEMENTATIONS = YES;
				CLANG_WARN_DIRECT_OBJC_ISA_USAGE = YES_ERROR;
				CLANG_WARN_DOCUMENTATION_COMMENTS = YES;
				CLANG_WARN_EMPTY_BODY = YES;
				CLANG_WARN_ENUM_CONVERSION = YES;
				CLANG_WARN_INFINITE_RECURSION = YES;
				CLANG_WARN_INT_CONVERSION = YES;
				CLANG_WARN_NON_LITERAL_NULL_CONVERSION = YES;
				CLANG_WARN_OBJC_IMPLICIT_RETAIN_SELF = YES;
				CLANG_WARN_OBJC_LITERAL_CONVERSION = YES;
				CLANG_WARN_OBJC_ROOT_CLASS = YES_ERROR;
				CLANG_WARN_RANGE_LOOP_ANALYSIS = YES;
				CLANG_WARN_STRICT_PROTOTYPES = YES;
				CLANG_WARN_SUSPICIOUS_MOVE = YES;
				CLANG_WARN_UNGUARDED_AVAILABILITY = YES_AGGRESSIVE;
				CLANG_WARN_UNREACHABLE_CODE = YES;
				CLANG_WARN__DUPLICATE_METHOD_MATCH = YES;
				CODE_SIGN_IDENTITY = "iPhone Developer";
				COPY_PHASE_STRIP = NO;
				DEBUG_INFORMATION_FORMAT = dwarf;
				ENABLE_STRICT_OBJC_MSGSEND = YES;
				ENABLE_TESTABILITY = YES;
				GCC_C_LANGUAGE_STANDARD = gnu11;
				GCC_DYNAMIC_NO_PIC = NO;
				GCC_NO_COMMON_BLOCKS = YES;
				GCC_OPTIMIZATION_LEVEL = 0;
				GCC_PREPROCESSOR_DEFINITIONS = (
					"DEBUG=1",
					"$(inherited)",
				);
				GCC_WARN_64_TO_32_BIT_CONVERSION = YES;
				GCC_WARN_ABOUT_RETURN_TYPE = YES_ERROR;
				GCC_WARN_UNDECLARED_SELECTOR = YES;
				GCC_WARN_UNINITIALIZED_AUTOS = YES_AGGRESSIVE;
				GCC_WARN_UNUSED_FUNCTION = YES;
				GCC_WARN_UNUSED_VARIABLE = YES;
				IPHONEOS_DEPLOYMENT_TARGET = 12.1;
				MTL_ENABLE_DEBUG_INFO = INCLUDE_SOURCE;
				MTL_FAST_MATH = YES;
				ONLY_ACTIVE_ARCH = YES;
				SDKROOT = iphoneos;
			};
			name = Debug;
		};
		55CD7C332216ACEC00660D9F /* Release */ = {
			isa = XCBuildConfiguration;
			buildSettings = {
				ALWAYS_SEARCH_USER_PATHS = NO;
				CLANG_ANALYZER_NONNULL = YES;
				CLANG_ANALYZER_NUMBER_OBJECT_CONVERSION = YES_AGGRESSIVE;
				CLANG_CXX_LANGUAGE_STANDARD = "gnu++14";
				CLANG_CXX_LIBRARY = "libc++";
				CLANG_ENABLE_MODULES = YES;
				CLANG_ENABLE_OBJC_ARC = YES;
				CLANG_ENABLE_OBJC_WEAK = YES;
				CLANG_WARN_BLOCK_CAPTURE_AUTORELEASING = YES;
				CLANG_WARN_BOOL_CONVERSION = YES;
				CLANG_WARN_COMMA = YES;
				CLANG_WARN_CONSTANT_CONVERSION = YES;
				CLANG_WARN_DEPRECATED_OBJC_IMPLEMENTATIONS = YES;
				CLANG_WARN_DIRECT_OBJC_ISA_USAGE = YES_ERROR;
				CLANG_WARN_DOCUMENTATION_COMMENTS = YES;
				CLANG_WARN_EMPTY_BODY = YES;
				CLANG_WARN_ENUM_CONVERSION = YES;
				CLANG_WARN_INFINITE_RECURSION = YES;
				CLANG_WARN_INT_CONVERSION = YES;
				CLANG_WARN_NON_LITERAL_NULL_CONVERSION = YES;
				CLANG_WARN_OBJC_IMPLICIT_RETAIN_SELF = YES;
				CLANG_WARN_OBJC_LITERAL_CONVERSION = YES;
				CLANG_WARN_OBJC_ROOT_CLASS = YES_ERROR;
				CLANG_WARN_RANGE_LOOP_ANALYSIS = YES;
				CLANG_WARN_STRICT_PROTOTYPES = YES;
				CLANG_WARN_SUSPICIOUS_MOVE = YES;
				CLANG_WARN_UNGUARDED_AVAILABILITY = YES_AGGRESSIVE;
				CLANG_WARN_UNREACHABLE_CODE = YES;
				CLANG_WARN__DUPLICATE_METHOD_MATCH = YES;
				CODE_SIGN_IDENTITY = "iPhone Developer";
				COPY_PHASE_STRIP = NO;
				DEBUG_INFORMATION_FORMAT = "dwarf-with-dsym";
				ENABLE_NS_ASSERTIONS = NO;
				ENABLE_STRICT_OBJC_MSGSEND = YES;
				GCC_C_LANGUAGE_STANDARD = gnu11;
				GCC_NO_COMMON_BLOCKS = YES;
				GCC_WARN_64_TO_32_BIT_CONVERSION = YES;
				GCC_WARN_ABOUT_RETURN_TYPE = YES_ERROR;
				GCC_WARN_UNDECLARED_SELECTOR = YES;
				GCC_WARN_UNINITIALIZED_AUTOS = YES_AGGRESSIVE;
				GCC_WARN_UNUSED_FUNCTION = YES;
				GCC_WARN_UNUSED_VARIABLE = YES;
				IPHONEOS_DEPLOYMENT_TARGET = 12.1;
				MTL_ENABLE_DEBUG_INFO = NO;
				MTL_FAST_MATH = YES;
				SDKROOT = iphoneos;
				VALIDATE_PRODUCT = YES;
			};
			name = Release;
		};
		55CD7C352216ACEC00660D9F /* Debug */ = {
			isa = XCBuildConfiguration;
			buildSettings = {
				ASSETCATALOG_COMPILER_APPICON_NAME = "AppIcon-1";
				ASSETCATALOG_COMPILER_LAUNCHIMAGE_NAME = LaunchImage;
				CODE_SIGN_STYLE = Manual;
				DEVELOPMENT_TEAM = GD4XA3P5ZN;
				FRAMEWORK_SEARCH_PATHS = (
					"$(inherited)",
					"$(PROJECT_DIR)/Libraries",
				);
				INFOPLIST_FILE = "TBSPlusDemo-Release/Info.plist";
				IPHONEOS_DEPLOYMENT_TARGET = 9.0;
				LD_RUNPATH_SEARCH_PATHS = (
					"$(inherited)",
					"@executable_path/Frameworks",
				);
				OTHER_LDFLAGS = "-ObjC";
				PRODUCT_BUNDLE_IDENTIFIER = com.tencent.mttliteextension;
				PRODUCT_NAME = "$(TARGET_NAME)";
				PROVISIONING_PROFILE_SPECIFIER = QQBrowseriPhoneDev;
				TARGETED_DEVICE_FAMILY = "1,2";
			};
			name = Debug;
		};
		55CD7C362216ACEC00660D9F /* Release */ = {
			isa = XCBuildConfiguration;
			buildSettings = {
				ASSETCATALOG_COMPILER_APPICON_NAME = "AppIcon-1";
				ASSETCATALOG_COMPILER_LAUNCHIMAGE_NAME = LaunchImage;
				CODE_SIGN_IDENTITY = "iPhone Distribution";
				CODE_SIGN_STYLE = Manual;
				DEVELOPMENT_TEAM = GD4XA3P5ZN;
				FRAMEWORK_SEARCH_PATHS = (
					"$(inherited)",
					"$(PROJECT_DIR)/Libraries",
				);
				INFOPLIST_FILE = "TBSPlusDemo-Release/Info.plist";
				IPHONEOS_DEPLOYMENT_TARGET = 9.0;
				LD_RUNPATH_SEARCH_PATHS = (
					"$(inherited)",
					"@executable_path/Frameworks",
				);
				OTHER_LDFLAGS = "-ObjC";
				PRODUCT_BUNDLE_IDENTIFIER = com.tencent.mttliteextension;
				PRODUCT_NAME = "$(TARGET_NAME)";
				PROVISIONING_PROFILE_SPECIFIER = BrowserReleaseForTestAdHoc;
				TARGETED_DEVICE_FAMILY = "1,2";
			};
			name = Release;
		};
/* End XCBuildConfiguration section */

/* Begin XCConfigurationList section */
		55CD7C192216ACEA00660D9F /* Build configuration list for PBXProject "TBSPlusDemo-Release" */ = {
			isa = XCConfigurationList;
			buildConfigurations = (
				55CD7C322216ACEC00660D9F /* Debug */,
				55CD7C332216ACEC00660D9F /* Release */,
			);
			defaultConfigurationIsVisible = 0;
			defaultConfigurationName = Release;
		};
		55CD7C342216ACEC00660D9F /* Build configuration list for PBXNativeTarget "TBSPlusDemo-Release" */ = {
			isa = XCConfigurationList;
			buildConfigurations = (
				55CD7C352216ACEC00660D9F /* Debug */,
				55CD7C362216ACEC00660D9F /* Release */,
			);
			defaultConfigurationIsVisible = 0;
			defaultConfigurationName = Release;
		};
/* End XCConfigurationList section */
	};
	rootObject = 55CD7C162216ACEA00660D9F /* Project object */;
}
